// !$*UTF8*$!
{
	archiveVersion = 1;
	classes = {
	};
	objectVersion = 46;
	objects = {

/* Begin PBXBuildFile section */
		43DAD7F11CD7FC7600D8BCB6 /* main.cpp in Sources */ = {isa = PBXBuildFile; fileRef = 43DAD7EF1CD7FC7600D8BCB6 /* main.cpp */; };
		43DAD7F21CD7FC7600D8BCB6 /* permutation.cpp in Sources */ = {isa = PBXBuildFile; fileRef = 43DAD7F01CD7FC7600D8BCB6 /* permutation.cpp */; };
/* End PBXBuildFile section */

/* Begin PBXCopyFilesBuildPhase section */
		4345526E1CCC2D05004C85A4 /* CopyFiles */ = {
			isa = PBXCopyFilesBuildPhase;
			buildActionMask = 2147483647;
			dstPath = /usr/share/man/man1/;
			dstSubfolderSpec = 0;
			files = (
			);
			runOnlyForDeploymentPostprocessing = 1;
		};
/* End PBXCopyFilesBuildPhase section */

/* Begin PBXFileReference section */
		434552701CCC2D05004C85A4 /* gematria */ = {isa = PBXFileReference; explicitFileType = "compiled.mach-o.executable"; includeInIndex = 0; path = gematria; sourceTree = BUILT_PRODUCTS_DIR; };
		43DAD7EF1CD7FC7600D8BCB6 /* main.cpp */ = {isa = PBXFileReference; fileEncoding = 4; lastKnownFileType = sourcecode.cpp.cpp; name = main.cpp; path = ../../src/main.cpp; sourceTree = "<group>"; };
		43DAD7F01CD7FC7600D8BCB6 /* permutation.cpp */ = {isa = PBXFileReference; fileEncoding = 4; lastKnownFileType = sourcecode.cpp.cpp; name = permutation.cpp; path = ../../src/permutation.cpp; sourceTree = "<group>"; };
		43DAD7F31CD7FC8B00D8BCB6 /* permutation.hpp */ = {isa = PBXFileReference; fileEncoding = 4; lastKnownFileType = sourcecode.cpp.h; name = permutation.hpp; path = ../../include/permutation.hpp; sourceTree = "<group>"; };
/* End PBXFileReference section */

/* Begin PBXFrameworksBuildPhase section */
		4345526D1CCC2D05004C85A4 /* Frameworks */ = {
			isa = PBXFrameworksBuildPhase;
			buildActionMask = 2147483647;
			files = (
			);
			runOnlyForDeploymentPostprocessing = 0;
		};
/* End PBXFrameworksBuildPhase section */

/* Begin PBXGroup section */
		434552671CCC2D05004C85A4 = {
			isa = PBXGroup;
			children = (
				434552721CCC2D05004C85A4 /* gematria */,
				434552711CCC2D05004C85A4 /* Products */,
			);
			sourceTree = "<group>";
		};
		434552711CCC2D05004C85A4 /* Products */ = {
			isa = PBXGroup;
			children = (
				434552701CCC2D05004C85A4 /* gematria */,
			);
			name = Products;
			sourceTree = "<group>";
		};
		434552721CCC2D05004C85A4 /* gematria */ = {
			isa = PBXGroup;
			children = (
				43DAD7EF1CD7FC7600D8BCB6 /* main.cpp */,
				43DAD7E21CD7F90800D8BCB6 /* src */,
				43DAD7E11CD7F8CD00D8BCB6 /* include */,
			);
			path = gematria;
			sourceTree = "<group>";
		};
		43DAD7E11CD7F8CD00D8BCB6 /* include */ = {
			isa = PBXGroup;
			children = (
				43DAD7F31CD7FC8B00D8BCB6 /* permutation.hpp */,
			);
			name = include;
			sourceTree = "<group>";
		};
		43DAD7E21CD7F90800D8BCB6 /* src */ = {
			isa = PBXGroup;
			children = (
				43DAD7F01CD7FC7600D8BCB6 /* permutation.cpp */,
			);
			name = src;
			sourceTree = "<group>";
		};
/* End PBXGroup section */

/* Begin PBXNativeTarget section */
		4345526F1CCC2D05004C85A4 /* gematria */ = {
			isa = PBXNativeTarget;
			buildConfigurationList = 434552771CCC2D05004C85A4 /* Build configuration list for PBXNativeTarget "gematria" */;
			buildPhases = (
				4345526C1CCC2D05004C85A4 /* Sources */,
				4345526D1CCC2D05004C85A4 /* Frameworks */,
				4345526E1CCC2D05004C85A4 /* CopyFiles */,
			);
			buildRules = (
			);
			dependencies = (
			);
			name = gematria;
			productName = gematria;
			productReference = 434552701CCC2D05004C85A4 /* gematria */;
			productType = "com.apple.product-type.tool";
		};
/* End PBXNativeTarget section */

/* Begin PBXProject section */
		434552681CCC2D05004C85A4 /* Project object */ = {
			isa = PBXProject;
			attributes = {
				LastUpgradeCheck = 0730;
				ORGANIZATIONNAME = "Pedro Henrique";
				TargetAttributes = {
					4345526F1CCC2D05004C85A4 = {
						CreatedOnToolsVersion = 7.3;
					};
				};
			};
			buildConfigurationList = 4345526B1CCC2D05004C85A4 /* Build configuration list for PBXProject "gematria" */;
			compatibilityVersion = "Xcode 3.2";
			developmentRegion = English;
			hasScannedForEncodings = 0;
			knownRegions = (
				en,
			);
			mainGroup = 434552671CCC2D05004C85A4;
			productRefGroup = 434552711CCC2D05004C85A4 /* Products */;
			projectDirPath = "";
			projectRoot = "";
			targets = (
				4345526F1CCC2D05004C85A4 /* gematria */,
			);
		};
/* End PBXProject section */

/* Begin PBXSourcesBuildPhase section */
		4345526C1CCC2D05004C85A4 /* Sources */ = {
			isa = PBXSourcesBuildPhase;
			buildActionMask = 2147483647;
			files = (
				43DAD7F21CD7FC7600D8BCB6 /* permutation.cpp in Sources */,
				43DAD7F11CD7FC7600D8BCB6 /* main.cpp in Sources */,
			);
			runOnlyForDeploymentPostprocessing = 0;
		};
/* End PBXSourcesBuildPhase section */

/* Begin XCBuildConfiguration section */
		434552751CCC2D05004C85A4 /* Debug */ = {
			isa = XCBuildConfiguration;
			buildSettings = {
				ALWAYS_SEARCH_USER_PATHS = NO;
				CLANG_ANALYZER_NONNULL = YES;
				CLANG_CXX_LANGUAGE_STANDARD = "gnu++0x";
				CLANG_CXX_LIBRARY = "libc++";
				CLANG_ENABLE_MODULES = YES;
				CLANG_ENABLE_OBJC_ARC = YES;
				CLANG_WARN_BOOL_CONVERSION = YES;
				CLANG_WARN_CONSTANT_CONVERSION = YES;
				CLANG_WARN_DIRECT_OBJC_ISA_USAGE = YES_ERROR;
				CLANG_WARN_EMPTY_BODY = YES;
				CLANG_WARN_ENUM_CONVERSION = YES;
				CLANG_WARN_INT_CONVERSION = YES;
				CLANG_WARN_OBJC_ROOT_CLASS = YES_ERROR;
				CLANG_WARN_UNREACHABLE_CODE = YES;
				CLANG_WARN__DUPLICATE_METHOD_MATCH = YES;
				CODE_SIGN_IDENTITY = "-";
				COPY_PHASE_STRIP = NO;
				DEBUG_INFORMATION_FORMAT = dwarf;
				ENABLE_STRICT_OBJC_MSGSEND = YES;
				ENABLE_TESTABILITY = YES;
				GCC_C_LANGUAGE_STANDARD = gnu99;
				GCC_DYNAMIC_NO_PIC = NO;
				GCC_NO_COMMON_BLOCKS = YES;
				GCC_OPTIMIZATION_LEVEL = 0;
				GCC_PREPROCESSOR_DEFINITIONS = (
					"DEBUG=1",
					"$(inherited)",
				);
				GCC_WARN_64_TO_32_BIT_CONVERSION = YES;
				GCC_WARN_ABOUT_RETURN_TYPE = YES_ERROR;
				GCC_WARN_UNDECLARED_SELECTOR = YES;
				GCC_WARN_UNINITIALIZED_AUTOS = YES_AGGRESSIVE;
				GCC_WARN_UNUSED_FUNCTION = YES;
				GCC_WARN_UNUSED_VARIABLE = YES;
				MACOSX_DEPLOYMENT_TARGET = 10.11;
				MTL_ENABLE_DEBUG_INFO = YES;
				ONLY_ACTIVE_ARCH = YES;
				SDKROOT = macosx;
			};
			name = Debug;
		};
		434552761CCC2D05004C85A4 /* Release */ = {
			isa = XCBuildConfiguration;
			buildSettings = {
				ALWAYS_SEARCH_USER_PATHS = NO;
				CLANG_ANALYZER_NONNULL = YES;
				CLANG_CXX_LANGUAGE_STANDARD = "gnu++0x";
				CLANG_CXX_LIBRARY = "libc++";
				CLANG_ENABLE_MODULES = YES;
				CLANG_ENABLE_OBJC_ARC = YES;
				CLANG_WARN_BOOL_CONVERSION = YES;
				CLANG_WARN_CONSTANT_CONVERSION = YES;
				CLANG_WARN_DIRECT_OBJC_ISA_USAGE = YES_ERROR;
				CLANG_WARN_EMPTY_BODY = YES;
				CLANG_WARN_ENUM_CONVERSION = YES;
				CLANG_WARN_INT_CONVERSION = YES;
				CLANG_WARN_OBJC_ROOT_CLASS = YES_ERROR;
				CLANG_WARN_UNREACHABLE_CODE = YES;
				CLANG_WARN__DUPLICATE_METHOD_MATCH = YES;
				CODE_SIGN_IDENTITY = "-";
				COPY_PHASE_STRIP = NO;
				DEBUG_INFORMATION_FORMAT = "dwarf-with-dsym";
				ENABLE_NS_ASSERTIONS = NO;
				ENABLE_STRICT_OBJC_MSGSEND = YES;
				GCC_C_LANGUAGE_STANDARD = gnu99;
				GCC_NO_COMMON_BLOCKS = YES;
				GCC_WARN_64_TO_32_BIT_CONVERSION = YES;
				GCC_WARN_ABOUT_RETURN_TYPE = YES_ERROR;
				GCC_WARN_UNDECLARED_SELECTOR = YES;
				GCC_WARN_UNINITIALIZED_AUTOS = YES_AGGRESSIVE;
				GCC_WARN_UNUSED_FUNCTION = YES;
				GCC_WARN_UNUSED_VARIABLE = YES;
				MACOSX_DEPLOYMENT_TARGET = 10.11;
				MTL_ENABLE_DEBUG_INFO = NO;
				SDKROOT = macosx;
			};
			name = Release;
		};
		434552781CCC2D05004C85A4 /* Debug */ = {
			isa = XCBuildConfiguration;
			buildSettings = {
				PRODUCT_NAME = "$(TARGET_NAME)";
			};
			name = Debug;
		};
		434552791CCC2D05004C85A4 /* Release */ = {
			isa = XCBuildConfiguration;
			buildSettings = {
				PRODUCT_NAME = "$(TARGET_NAME)";
			};
			name = Release;
		};
/* End XCBuildConfiguration section */

/* Begin XCConfigurationList section */
		4345526B1CCC2D05004C85A4 /* Build configuration list for PBXProject "gematria" */ = {
			isa = XCConfigurationList;
			buildConfigurations = (
				434552751CCC2D05004C85A4 /* Debug */,
				434552761CCC2D05004C85A4 /* Release */,
			);
			defaultConfigurationIsVisible = 0;
			defaultConfigurationName = Release;
		};
		434552771CCC2D05004C85A4 /* Build configuration list for PBXNativeTarget "gematria" */ = {
			isa = XCConfigurationList;
			buildConfigurations = (
				434552781CCC2D05004C85A4 /* Debug */,
				434552791CCC2D05004C85A4 /* Release */,
			);
			defaultConfigurationIsVisible = 0;
			defaultConfigurationName = Release;
		};
/* End XCConfigurationList section */
	};
	rootObject = 434552681CCC2D05004C85A4 /* Project object */;
}
